// !$*UTF8*$!
{
	archiveVersion = 1;
	classes = {
	};
	objectVersion = 50;
	objects = {

/* Begin PBXBuildFile section */
		854823EB24D91583008CB5A3 /* CoinsViewCell.m in Sources */ = {isa = PBXBuildFile; fileRef = 854823EA24D91583008CB5A3 /* CoinsViewCell.m */; };
		855A42432495205B00838EAD /* AppDelegate.m in Sources */ = {isa = PBXBuildFile; fileRef = 855A42422495205B00838EAD /* AppDelegate.m */; };
		855A42492495205B00838EAD /* ViewController.m in Sources */ = {isa = PBXBuildFile; fileRef = 855A42482495205B00838EAD /* ViewController.m */; };
		855A424E2495205C00838EAD /* Assets.xcassets in Resources */ = {isa = PBXBuildFile; fileRef = 855A424D2495205C00838EAD /* Assets.xcassets */; };
		855A42512495205C00838EAD /* LaunchScreen.storyboard in Resources */ = {isa = PBXBuildFile; fileRef = 855A424F2495205C00838EAD /* LaunchScreen.storyboard */; };
		855A42542495205C00838EAD /* main.m in Sources */ = {isa = PBXBuildFile; fileRef = 855A42532495205C00838EAD /* main.m */; };
		85CB612624A0396C00F14094 /* MainViewController.m in Sources */ = {isa = PBXBuildFile; fileRef = 85CB612524A0396C00F14094 /* MainViewController.m */; };
		85ED734924AD6131007E1C2B /* UIColor+Layout.m in Sources */ = {isa = PBXBuildFile; fileRef = 85ED734824AD6131007E1C2B /* UIColor+Layout.m */; };
/* End PBXBuildFile section */

/* Begin PBXFileReference section */
		854823E924D91583008CB5A3 /* CoinsViewCell.h */ = {isa = PBXFileReference; lastKnownFileType = sourcecode.c.h; path = CoinsViewCell.h; sourceTree = "<group>"; };
		854823EA24D91583008CB5A3 /* CoinsViewCell.m */ = {isa = PBXFileReference; lastKnownFileType = sourcecode.c.objc; path = CoinsViewCell.m; sourceTree = "<group>"; };
		855A423E2495205B00838EAD /* coins-now.app */ = {isa = PBXFileReference; explicitFileType = wrapper.application; includeInIndex = 0; path = "coins-now.app"; sourceTree = BUILT_PRODUCTS_DIR; };
		855A42412495205B00838EAD /* AppDelegate.h */ = {isa = PBXFileReference; lastKnownFileType = sourcecode.c.h; path = AppDelegate.h; sourceTree = "<group>"; };
		855A42422495205B00838EAD /* AppDelegate.m */ = {isa = PBXFileReference; lastKnownFileType = sourcecode.c.objc; path = AppDelegate.m; sourceTree = "<group>"; };
		855A42472495205B00838EAD /* ViewController.h */ = {isa = PBXFileReference; lastKnownFileType = sourcecode.c.h; path = ViewController.h; sourceTree = "<group>"; };
		855A42482495205B00838EAD /* ViewController.m */ = {isa = PBXFileReference; lastKnownFileType = sourcecode.c.objc; path = ViewController.m; sourceTree = "<group>"; };
		855A424D2495205C00838EAD /* Assets.xcassets */ = {isa = PBXFileReference; lastKnownFileType = folder.assetcatalog; path = Assets.xcassets; sourceTree = "<group>"; };
		855A42502495205C00838EAD /* Base */ = {isa = PBXFileReference; lastKnownFileType = file.storyboard; name = Base; path = Base.lproj/LaunchScreen.storyboard; sourceTree = "<group>"; };
		855A42522495205C00838EAD /* Info.plist */ = {isa = PBXFileReference; lastKnownFileType = text.plist.xml; path = Info.plist; sourceTree = "<group>"; };
		855A42532495205C00838EAD /* main.m */ = {isa = PBXFileReference; lastKnownFileType = sourcecode.c.objc; path = main.m; sourceTree = "<group>"; };
		85CB612424A0396C00F14094 /* MainViewController.h */ = {isa = PBXFileReference; lastKnownFileType = sourcecode.c.h; path = MainViewController.h; sourceTree = "<group>"; };
		85CB612524A0396C00F14094 /* MainViewController.m */ = {isa = PBXFileReference; lastKnownFileType = sourcecode.c.objc; path = MainViewController.m; sourceTree = "<group>"; };
		85ED734724AD6131007E1C2B /* UIColor+Layout.h */ = {isa = PBXFileReference; lastKnownFileType = sourcecode.c.h; path = "UIColor+Layout.h"; sourceTree = "<group>"; };
		85ED734824AD6131007E1C2B /* UIColor+Layout.m */ = {isa = PBXFileReference; lastKnownFileType = sourcecode.c.objc; path = "UIColor+Layout.m"; sourceTree = "<group>"; };
/* End PBXFileReference section */

/* Begin PBXFrameworksBuildPhase section */
		855A423B2495205B00838EAD /* Frameworks */ = {
			isa = PBXFrameworksBuildPhase;
			buildActionMask = 2147483647;
			files = (
			);
			runOnlyForDeploymentPostprocessing = 0;
		};
/* End PBXFrameworksBuildPhase section */

/* Begin PBXGroup section */
		854823EC24D9158B008CB5A3 /* Views */ = {
			isa = PBXGroup;
			children = (
				854823E924D91583008CB5A3 /* CoinsViewCell.h */,
				854823EA24D91583008CB5A3 /* CoinsViewCell.m */,
			);
			path = Views;
			sourceTree = "<group>";
		};
		855A42352495205B00838EAD = {
			isa = PBXGroup;
			children = (
				855A42402495205B00838EAD /* coins-now */,
				855A423F2495205B00838EAD /* Products */,
			);
			sourceTree = "<group>";
		};
		855A423F2495205B00838EAD /* Products */ = {
			isa = PBXGroup;
			children = (
				855A423E2495205B00838EAD /* coins-now.app */,
			);
			name = Products;
			sourceTree = "<group>";
		};
		855A42402495205B00838EAD /* coins-now */ = {
			isa = PBXGroup;
			children = (
				85CB611A24A0375200F14094 /* Sources */,
				85ED734224AD5E8B007E1C2B /* Network */,
				85ED734324AD5EAD007E1C2B /* Extensions */,
				85CB611924A0373C00F14094 /* SupportingFiles */,
			);
			path = "coins-now";
			sourceTree = "<group>";
		};
		85CB611924A0373C00F14094 /* SupportingFiles */ = {
			isa = PBXGroup;
			children = (
				855A42522495205C00838EAD /* Info.plist */,
				855A42532495205C00838EAD /* main.m */,
				855A424F2495205C00838EAD /* LaunchScreen.storyboard */,
				855A424D2495205C00838EAD /* Assets.xcassets */,
				855A42412495205B00838EAD /* AppDelegate.h */,
				855A42422495205B00838EAD /* AppDelegate.m */,
			);
			path = SupportingFiles;
			sourceTree = "<group>";
		};
		85CB611A24A0375200F14094 /* Sources */ = {
			isa = PBXGroup;
			children = (
				85ED734B24AD67C3007E1C2B /* Main */,
				855A42472495205B00838EAD /* ViewController.h */,
				855A42482495205B00838EAD /* ViewController.m */,
			);
			path = Sources;
			sourceTree = "<group>";
		};
		85ED734224AD5E8B007E1C2B /* Network */ = {
			isa = PBXGroup;
			children = (
			);
			path = Network;
			sourceTree = "<group>";
		};
		85ED734324AD5EAD007E1C2B /* Extensions */ = {
			isa = PBXGroup;
			children = (
				85ED734724AD6131007E1C2B /* UIColor+Layout.h */,
				85ED734824AD6131007E1C2B /* UIColor+Layout.m */,
			);
			path = Extensions;
			sourceTree = "<group>";
		};
		85ED734B24AD67C3007E1C2B /* Main */ = {
			isa = PBXGroup;
			children = (
				854823EC24D9158B008CB5A3 /* Views */,
				85CB612424A0396C00F14094 /* MainViewController.h */,
				85CB612524A0396C00F14094 /* MainViewController.m */,
			);
			path = Main;
			sourceTree = "<group>";
		};
/* End PBXGroup section */

/* Begin PBXNativeTarget section */
		855A423D2495205B00838EAD /* coins-now */ = {
			isa = PBXNativeTarget;
			buildConfigurationList = 855A42572495205C00838EAD /* Build configuration list for PBXNativeTarget "coins-now" */;
			buildPhases = (
				855A423A2495205B00838EAD /* Sources */,
				855A423B2495205B00838EAD /* Frameworks */,
				855A423C2495205B00838EAD /* Resources */,
			);
			buildRules = (
			);
			dependencies = (
			);
			name = "coins-now";
			productName = "coins-now";
			productReference = 855A423E2495205B00838EAD /* coins-now.app */;
			productType = "com.apple.product-type.application";
		};
/* End PBXNativeTarget section */

/* Begin PBXProject section */
		855A42362495205B00838EAD /* Project object */ = {
			isa = PBXProject;
			attributes = {
				LastUpgradeCheck = 1200;
				ORGANIZATIONNAME = "Mateus Sousa";
				TargetAttributes = {
					855A423D2495205B00838EAD = {
						CreatedOnToolsVersion = 11.5;
					};
				};
			};
			buildConfigurationList = 855A42392495205B00838EAD /* Build configuration list for PBXProject "coins-now" */;
			compatibilityVersion = "Xcode 9.3";
			developmentRegion = en;
			hasScannedForEncodings = 0;
			knownRegions = (
				en,
				Base,
			);
			mainGroup = 855A42352495205B00838EAD;
			productRefGroup = 855A423F2495205B00838EAD /* Products */;
			projectDirPath = "";
			projectRoot = "";
			targets = (
				855A423D2495205B00838EAD /* coins-now */,
			);
		};
/* End PBXProject section */

/* Begin PBXResourcesBuildPhase section */
		855A423C2495205B00838EAD /* Resources */ = {
			isa = PBXResourcesBuildPhase;
			buildActionMask = 2147483647;
			files = (
				855A42512495205C00838EAD /* LaunchScreen.storyboard in Resources */,
				855A424E2495205C00838EAD /* Assets.xcassets in Resources */,
			);
			runOnlyForDeploymentPostprocessing = 0;
		};
/* End PBXResourcesBuildPhase section */

/* Begin PBXSourcesBuildPhase section */
		855A423A2495205B00838EAD /* Sources */ = {
			isa = PBXSourcesBuildPhase;
			buildActionMask = 2147483647;
			files = (
				855A42492495205B00838EAD /* ViewController.m in Sources */,
				85ED734924AD6131007E1C2B /* UIColor+Layout.m in Sources */,
				855A42432495205B00838EAD /* AppDelegate.m in Sources */,
				855A42542495205C00838EAD /* main.m in Sources */,
				85CB612624A0396C00F14094 /* MainViewController.m in Sources */,
				854823EB24D91583008CB5A3 /* CoinsViewCell.m in Sources */,
			);
			runOnlyForDeploymentPostprocessing = 0;
		};
/* End PBXSourcesBuildPhase section */

/* Begin PBXVariantGroup section */
		855A424F2495205C00838EAD /* LaunchScreen.storyboard */ = {
			isa = PBXVariantGroup;
			children = (
				855A42502495205C00838EAD /* Base */,
			);
			name = LaunchScreen.storyboard;
			sourceTree = "<group>";
		};
/* End PBXVariantGroup section */

/* Begin XCBuildConfiguration section */
		855A42552495205C00838EAD /* Debug */ = {
			isa = XCBuildConfiguration;
			buildSettings = {
				ALWAYS_SEARCH_USER_PATHS = NO;
				CLANG_ANALYZER_NONNULL = YES;
				CLANG_ANALYZER_NUMBER_OBJECT_CONVERSION = YES_AGGRESSIVE;
				CLANG_CXX_LANGUAGE_STANDARD = "gnu++14";
				CLANG_CXX_LIBRARY = "libc++";
				CLANG_ENABLE_MODULES = YES;
				CLANG_ENABLE_OBJC_ARC = YES;
				CLANG_ENABLE_OBJC_WEAK = YES;
				CLANG_WARN_BLOCK_CAPTURE_AUTORELEASING = YES;
				CLANG_WARN_BOOL_CONVERSION = YES;
				CLANG_WARN_COMMA = YES;
				CLANG_WARN_CONSTANT_CONVERSION = YES;
				CLANG_WARN_DEPRECATED_OBJC_IMPLEMENTATIONS = YES;
				CLANG_WARN_DIRECT_OBJC_ISA_USAGE = YES_ERROR;
				CLANG_WARN_DOCUMENTATION_COMMENTS = YES;
				CLANG_WARN_EMPTY_BODY = YES;
				CLANG_WARN_ENUM_CONVERSION = YES;
				CLANG_WARN_INFINITE_RECURSION = YES;
				CLANG_WARN_INT_CONVERSION = YES;
				CLANG_WARN_NON_LITERAL_NULL_CONVERSION = YES;
				CLANG_WARN_OBJC_IMPLICIT_RETAIN_SELF = YES;
				CLANG_WARN_OBJC_LITERAL_CONVERSION = YES;
				CLANG_WARN_OBJC_ROOT_CLASS = YES_ERROR;
				CLANG_WARN_QUOTED_INCLUDE_IN_FRAMEWORK_HEADER = YES;
				CLANG_WARN_RANGE_LOOP_ANALYSIS = YES;
				CLANG_WARN_STRICT_PROTOTYPES = YES;
				CLANG_WARN_SUSPICIOUS_MOVE = YES;
				CLANG_WARN_UNGUARDED_AVAILABILITY = YES_AGGRESSIVE;
				CLANG_WARN_UNREACHABLE_CODE = YES;
				CLANG_WARN__DUPLICATE_METHOD_MATCH = YES;
				COPY_PHASE_STRIP = NO;
				DEBUG_INFORMATION_FORMAT = dwarf;
				ENABLE_STRICT_OBJC_MSGSEND = YES;
				ENABLE_TESTABILITY = YES;
				GCC_C_LANGUAGE_STANDARD = gnu11;
				GCC_DYNAMIC_NO_PIC = NO;
				GCC_NO_COMMON_BLOCKS = YES;
				GCC_OPTIMIZATION_LEVEL = 0;
				GCC_PREPROCESSOR_DEFINITIONS = (
					"DEBUG=1",
					"$(inherited)",
				);
				GCC_WARN_64_TO_32_BIT_CONVERSION = YES;
				GCC_WARN_ABOUT_RETURN_TYPE = YES_ERROR;
				GCC_WARN_UNDECLARED_SELECTOR = YES;
				GCC_WARN_UNINITIALIZED_AUTOS = YES_AGGRESSIVE;
				GCC_WARN_UNUSED_FUNCTION = YES;
				GCC_WARN_UNUSED_VARIABLE = YES;
				IPHONEOS_DEPLOYMENT_TARGET = 13.5;
				MTL_ENABLE_DEBUG_INFO = INCLUDE_SOURCE;
				MTL_FAST_MATH = YES;
				ONLY_ACTIVE_ARCH = YES;
				SDKROOT = iphoneos;
			};
			name = Debug;
		};
		855A42562495205C00838EAD /* Release */ = {
			isa = XCBuildConfiguration;
			buildSettings = {
				ALWAYS_SEARCH_USER_PATHS = NO;
				CLANG_ANALYZER_NONNULL = YES;
				CLANG_ANALYZER_NUMBER_OBJECT_CONVERSION = YES_AGGRESSIVE;
				CLANG_CXX_LANGUAGE_STANDARD = "gnu++14";
				CLANG_CXX_LIBRARY = "libc++";
				CLANG_ENABLE_MODULES = YES;
				CLANG_ENABLE_OBJC_ARC = YES;
				CLANG_ENABLE_OBJC_WEAK = YES;
				CLANG_WARN_BLOCK_CAPTURE_AUTORELEASING = YES;
				CLANG_WARN_BOOL_CONVERSION = YES;
				CLANG_WARN_COMMA = YES;
				CLANG_WARN_CONSTANT_CONVERSION = YES;
				CLANG_WARN_DEPRECATED_OBJC_IMPLEMENTATIONS = YES;
				CLANG_WARN_DIRECT_OBJC_ISA_USAGE = YES_ERROR;
				CLANG_WARN_DOCUMENTATION_COMMENTS = YES;
				CLANG_WARN_EMPTY_BODY = YES;
				CLANG_WARN_ENUM_CONVERSION = YES;
				CLANG_WARN_INFINITE_RECURSION = YES;
				CLANG_WARN_INT_CONVERSION = YES;
				CLANG_WARN_NON_LITERAL_NULL_CONVERSION = YES;
				CLANG_WARN_OBJC_IMPLICIT_RETAIN_SELF = YES;
				CLANG_WARN_OBJC_LITERAL_CONVERSION = YES;
				CLANG_WARN_OBJC_ROOT_CLASS = YES_ERROR;
				CLANG_WARN_QUOTED_INCLUDE_IN_FRAMEWORK_HEADER = YES;
				CLANG_WARN_RANGE_LOOP_ANALYSIS = YES;
				CLANG_WARN_STRICT_PROTOTYPES = YES;
				CLANG_WARN_SUSPICIOUS_MOVE = YES;
				CLANG_WARN_UNGUARDED_AVAILABILITY = YES_AGGRESSIVE;
				CLANG_WARN_UNREACHABLE_CODE = YES;
				CLANG_WARN__DUPLICATE_METHOD_MATCH = YES;
				COPY_PHASE_STRIP = NO;
				DEBUG_INFORMATION_FORMAT = "dwarf-with-dsym";
				ENABLE_NS_ASSERTIONS = NO;
				ENABLE_STRICT_OBJC_MSGSEND = YES;
				GCC_C_LANGUAGE_STANDARD = gnu11;
				GCC_NO_COMMON_BLOCKS = YES;
				GCC_WARN_64_TO_32_BIT_CONVERSION = YES;
				GCC_WARN_ABOUT_RETURN_TYPE = YES_ERROR;
				GCC_WARN_UNDECLARED_SELECTOR = YES;
				GCC_WARN_UNINITIALIZED_AUTOS = YES_AGGRESSIVE;
				GCC_WARN_UNUSED_FUNCTION = YES;
				GCC_WARN_UNUSED_VARIABLE = YES;
				IPHONEOS_DEPLOYMENT_TARGET = 13.5;
				MTL_ENABLE_DEBUG_INFO = NO;
				MTL_FAST_MATH = YES;
				SDKROOT = iphoneos;
				VALIDATE_PRODUCT = YES;
			};
			name = Release;
		};
		855A42582495205C00838EAD /* Debug */ = {
			isa = XCBuildConfiguration;
			buildSettings = {
				ASSETCATALOG_COMPILER_APPICON_NAME = AppIcon;
				CODE_SIGN_STYLE = Automatic;
				DEVELOPMENT_TEAM = 3T7W6T7535;
				INFOPLIST_FILE = "coins-now/SupportingFiles/Info.plist";
				LD_RUNPATH_SEARCH_PATHS = (
					"$(inherited)",
					"@executable_path/Frameworks",
				);
				PRODUCT_BUNDLE_IDENTIFIER = "com.mateussousa.coins-now";
				PRODUCT_NAME = "$(TARGET_NAME)";
				TARGETED_DEVICE_FAMILY = "1,2";
			};
			name = Debug;
		};
		855A42592495205C00838EAD /* Release */ = {
			isa = XCBuildConfiguration;
			buildSettings = {
				ASSETCATALOG_COMPILER_APPICON_NAME = AppIcon;
				CODE_SIGN_STYLE = Automatic;
				DEVELOPMENT_TEAM = 3T7W6T7535;
				INFOPLIST_FILE = "coins-now/SupportingFiles/Info.plist";
				LD_RUNPATH_SEARCH_PATHS = (
					"$(inherited)",
					"@executable_path/Frameworks",
				);
				PRODUCT_BUNDLE_IDENTIFIER = "com.mateussousa.coins-now";
				PRODUCT_NAME = "$(TARGET_NAME)";
				TARGETED_DEVICE_FAMILY = "1,2";
			};
			name = Release;
		};
/* End XCBuildConfiguration section */

/* Begin XCConfigurationList section */
		855A42392495205B00838EAD /* Build configuration list for PBXProject "coins-now" */ = {
			isa = XCConfigurationList;
			buildConfigurations = (
				855A42552495205C00838EAD /* Debug */,
				855A42562495205C00838EAD /* Release */,
			);
			defaultConfigurationIsVisible = 0;
			defaultConfigurationName = Release;
		};
		855A42572495205C00838EAD /* Build configuration list for PBXNativeTarget "coins-now" */ = {
			isa = XCConfigurationList;
			buildConfigurations = (
				855A42582495205C00838EAD /* Debug */,
				855A42592495205C00838EAD /* Release */,
			);
			defaultConfigurationIsVisible = 0;
			defaultConfigurationName = Release;
		};
/* End XCConfigurationList section */
	};
	rootObject = 855A42362495205B00838EAD /* Project object */;
}
